speakeasyVersion: 1.300.0
sources:
    openapi:
        sourceNamespace: openapi
        sourceRevisionDigest: sha256:8e93366fa09df71bcf8449f96f03a252d902b7f64b282d509148e40bb33db347
        sourceBlobDigest: sha256:5a96b445056c6db67f9833aaa08cf0041522cbf3d8b44c426bf0ec01cec9511d
        tags:
            - latest
            - main
targets:
    styra-terraform:
        source: openapi
        sourceNamespace: openapi
        sourceRevisionDigest: sha256:8e93366fa09df71bcf8449f96f03a252d902b7f64b282d509148e40bb33db347
        sourceBlobDigest: sha256:5a96b445056c6db67f9833aaa08cf0041522cbf3d8b44c426bf0ec01cec9511d
        outLocation: /github/workspace/repo
workflow:
    workflowVersion: 1.0.0
    speakeasyVersion: latest
    sources:
        openapi:
            inputs:
                - location: openapi.yaml
            overlays:
                - location: styra_overlay.yaml
            registry:
                location: registry.speakeasyapi.dev/styra/styra/openapi
    targets:
        styra-terraform:
            target: terraform
            source: openapi
