speakeasyVersion: internal
sources:
    openapi:
        sourceNamespace: openapi
        sourceRevisionDigest: sha256:19828ac4b51c628039423b2c8c8b5e47f7dda027517a1673a83ce6b34e0ac0ad
        sourceBlobDigest: sha256:2e0e2168800256a8ace8bd2f1575da9ab65a87995ecfb1cbcf8005447d4bb0f9
        tags:
            - latest
            - main
targets:
    styra-terraform:
        source: openapi
        sourceNamespace: openapi
        sourceRevisionDigest: sha256:19828ac4b51c628039423b2c8c8b5e47f7dda027517a1673a83ce6b34e0ac0ad
        sourceBlobDigest: sha256:2e0e2168800256a8ace8bd2f1575da9ab65a87995ecfb1cbcf8005447d4bb0f9
        outLocation: /tmp/snapshot-test/ba26c63771593db3
workflow:
    workflowVersion: 1.0.0
    speakeasyVersion: latest
    sources:
        openapi:
            inputs:
                - location: openapi.yaml
            overlays:
                - location: styra_overlay.yaml
            registry:
                location: registry.speakeasyapi.dev/styra/styra/openapi
    targets:
        styra-terraform:
            target: terraform
            source: openapi
